
Microsoft Visual Studio Solution File, Format Version 12.00
# Visual Studio 15
Project("{FAE04EC0-301F-11D3-BF4B-00C04F79EFBC}") = "Boxophobic.Utils.Editor", "Boxophobic.Utils.Editor.csproj", "{2A44E6DF-8B1B-BF73-48C6-9D32F5E23BB7}"
EndProject
Project("{FAE04EC0-301F-11D3-BF4B-00C04F79EFBC}") = "Assembly-CSharp", "Assembly-CSharp.csproj", "{0D4B8A14-E840-BE1B-6EB7-90D2FFC4048B}"
EndProject
Project("{FAE04EC0-301F-11D3-BF4B-00C04F79EFBC}") = "YourQuickCity", "YourQuickCity.csproj", "{FD6B2764-CD5E-9933-449C-CF03912AB5FB}"
EndProject
Project("{FAE04EC0-301F-11D3-BF4B-00C04F79EFBC}") = "ProPixelizer", "ProPixelizer.csproj", "{D779D9BC-97F7-E184-5F27-760C17307979}"
EndProject
Project("{FAE04EC0-301F-11D3-BF4B-00C04F79EFBC}") = "Boxophobic.Utils.Scripts", "Boxophobic.Utils.Scripts.csproj", "{70C0F989-A357-3889-411F-63934E0E8070}"
EndProject
Project("{FAE04EC0-301F-11D3-BF4B-00C04F79EFBC}") = "Boxophobic.SkyboxCubemapExtended.Editor", "Boxophobic.SkyboxCubemapExtended.Editor.csproj", "{94554076-45A7-8D2C-4E32-E6AF84D0F6C2}"
EndProject
Global
	GlobalSection(SolutionConfigurationPlatforms) = preSolution
		Debug|Any CPU = Debug|Any CPU
		Release|Any CPU = Release|Any CPU
	EndGlobalSection
	GlobalSection(ProjectConfigurationPlatforms) = postSolution
		{2A44E6DF-8B1B-BF73-48C6-9D32F5E23BB7}.Debug|Any CPU.ActiveCfg = Debug|Any CPU
		{2A44E6DF-8B1B-BF73-48C6-9D32F5E23BB7}.Debug|Any CPU.Build.0 = Debug|Any CPU
		{2A44E6DF-8B1B-BF73-48C6-9D32F5E23BB7}.Release|Any CPU.ActiveCfg = Release|Any CPU
		{2A44E6DF-8B1B-BF73-48C6-9D32F5E23BB7}.Release|Any CPU.Build.0 = Release|Any CPU
		{0D4B8A14-E840-BE1B-6EB7-90D2FFC4048B}.Debug|Any CPU.ActiveCfg = Debug|Any CPU
		{0D4B8A14-E840-BE1B-6EB7-90D2FFC4048B}.Debug|Any CPU.Build.0 = Debug|Any CPU
		{0D4B8A14-E840-BE1B-6EB7-90D2FFC4048B}.Release|Any CPU.ActiveCfg = Release|Any CPU
		{0D4B8A14-E840-BE1B-6EB7-90D2FFC4048B}.Release|Any CPU.Build.0 = Release|Any CPU
		{FD6B2764-CD5E-9933-449C-CF03912AB5FB}.Debug|Any CPU.ActiveCfg = Debug|Any CPU
		{FD6B2764-CD5E-9933-449C-CF03912AB5FB}.Debug|Any CPU.Build.0 = Debug|Any CPU
		{FD6B2764-CD5E-9933-449C-CF03912AB5FB}.Release|Any CPU.ActiveCfg = Release|Any CPU
		{FD6B2764-CD5E-9933-449C-CF03912AB5FB}.Release|Any CPU.Build.0 = Release|Any CPU
		{D779D9BC-97F7-E184-5F27-760C17307979}.Debug|Any CPU.ActiveCfg = Debug|Any CPU
		{D779D9BC-97F7-E184-5F27-760C17307979}.Debug|Any CPU.Build.0 = Debug|Any CPU
		{D779D9BC-97F7-E184-5F27-760C17307979}.Release|Any CPU.ActiveCfg = Release|Any CPU
		{D779D9BC-97F7-E184-5F27-760C17307979}.Release|Any CPU.Build.0 = Release|Any CPU
		{70C0F989-A357-3889-411F-63934E0E8070}.Debug|Any CPU.ActiveCfg = Debug|Any CPU
		{70C0F989-A357-3889-411F-63934E0E8070}.Debug|Any CPU.Build.0 = Debug|Any CPU
		{70C0F989-A357-3889-411F-63934E0E8070}.Release|Any CPU.ActiveCfg = Release|Any CPU
		{70C0F989-A357-3889-411F-63934E0E8070}.Release|Any CPU.Build.0 = Release|Any CPU
		{94554076-45A7-8D2C-4E32-E6AF84D0F6C2}.Debug|Any CPU.ActiveCfg = Debug|Any CPU
		{94554076-45A7-8D2C-4E32-E6AF84D0F6C2}.Debug|Any CPU.Build.0 = Debug|Any CPU
		{94554076-45A7-8D2C-4E32-E6AF84D0F6C2}.Release|Any CPU.ActiveCfg = Release|Any CPU
		{94554076-45A7-8D2C-4E32-E6AF84D0F6C2}.Release|Any CPU.Build.0 = Release|Any CPU
	EndGlobalSection
	GlobalSection(SolutionProperties) = preSolution
		HideSolutionNode = FALSE
	EndGlobalSection
EndGlobal
