
Microsoft Visual Studio Solution File, Format Version 12.00
# Visual Studio 15
Project("{FAE04EC0-301F-11D3-BF4B-00C04F79EFBC}") = "spine-unity-examples", "spine-unity-examples.csproj", "{1D32FC98-FE11-BE4D-3598-40345C802798}"
EndProject
Project("{FAE04EC0-301F-11D3-BF4B-00C04F79EFBC}") = "Assembly-CSharp", "Assembly-CSharp.csproj", "{0D4B8A14-E840-BE1B-6EB7-90D2FFC4048B}"
EndProject
Project("{FAE04EC0-301F-11D3-BF4B-00C04F79EFBC}") = "_Interfaces", "_Interfaces.csproj", "{ADBBAD5D-E410-E488-4E17-51E94A7F1E67}"
EndProject
Project("{FAE04EC0-301F-11D3-BF4B-00C04F79EFBC}") = "spine-unity-editor", "spine-unity-editor.csproj", "{90736FC8-9732-93E3-0DB6-C956DF9DD9F1}"
EndProject
Project("{FAE04EC0-301F-11D3-BF4B-00C04F79EFBC}") = "_Controllers", "_Controllers.csproj", "{886381CC-6C85-DEA2-439E-02704528D1F4}"
EndProject
Project("{FAE04EC0-301F-11D3-BF4B-00C04F79EFBC}") = "spine-csharp", "spine-csharp.csproj", "{8E388BE9-7609-7EAE-98AA-2D6ECDB01BD2}"
EndProject
Project("{FAE04EC0-301F-11D3-BF4B-00C04F79EFBC}") = "spine-unity", "spine-unity.csproj", "{EEB0EC5E-C380-8A8F-0E89-7B46DE39270B}"
EndProject
Project("{FAE04EC0-301F-11D3-BF4B-00C04F79EFBC}") = "ProPixelizer", "ProPixelizer.csproj", "{D779D9BC-97F7-E184-5F27-760C17307979}"
EndProject
Project("{FAE04EC0-301F-11D3-BF4B-00C04F79EFBC}") = "spine-unity-examples-editor", "spine-unity-examples-editor.csproj", "{EDAB9A2D-2EA9-86FF-9448-80B06F37E3D2}"
EndProject
Project("{FAE04EC0-301F-11D3-BF4B-00C04F79EFBC}") = "_MonoInstances", "_MonoInstances.csproj", "{9C5D3774-5479-A0C7-46E7-9BA34EDB633C}"
EndProject
Global
	GlobalSection(SolutionConfigurationPlatforms) = preSolution
		Debug|Any CPU = Debug|Any CPU
		Release|Any CPU = Release|Any CPU
	EndGlobalSection
	GlobalSection(ProjectConfigurationPlatforms) = postSolution
		{1D32FC98-FE11-BE4D-3598-40345C802798}.Debug|Any CPU.ActiveCfg = Debug|Any CPU
		{1D32FC98-FE11-BE4D-3598-40345C802798}.Debug|Any CPU.Build.0 = Debug|Any CPU
		{1D32FC98-FE11-BE4D-3598-40345C802798}.Release|Any CPU.ActiveCfg = Release|Any CPU
		{1D32FC98-FE11-BE4D-3598-40345C802798}.Release|Any CPU.Build.0 = Release|Any CPU
		{0D4B8A14-E840-BE1B-6EB7-90D2FFC4048B}.Debug|Any CPU.ActiveCfg = Debug|Any CPU
		{0D4B8A14-E840-BE1B-6EB7-90D2FFC4048B}.Debug|Any CPU.Build.0 = Debug|Any CPU
		{0D4B8A14-E840-BE1B-6EB7-90D2FFC4048B}.Release|Any CPU.ActiveCfg = Release|Any CPU
		{0D4B8A14-E840-BE1B-6EB7-90D2FFC4048B}.Release|Any CPU.Build.0 = Release|Any CPU
		{ADBBAD5D-E410-E488-4E17-51E94A7F1E67}.Debug|Any CPU.ActiveCfg = Debug|Any CPU
		{ADBBAD5D-E410-E488-4E17-51E94A7F1E67}.Debug|Any CPU.Build.0 = Debug|Any CPU
		{ADBBAD5D-E410-E488-4E17-51E94A7F1E67}.Release|Any CPU.ActiveCfg = Release|Any CPU
		{ADBBAD5D-E410-E488-4E17-51E94A7F1E67}.Release|Any CPU.Build.0 = Release|Any CPU
		{90736FC8-9732-93E3-0DB6-C956DF9DD9F1}.Debug|Any CPU.ActiveCfg = Debug|Any CPU
		{90736FC8-9732-93E3-0DB6-C956DF9DD9F1}.Debug|Any CPU.Build.0 = Debug|Any CPU
		{90736FC8-9732-93E3-0DB6-C956DF9DD9F1}.Release|Any CPU.ActiveCfg = Release|Any CPU
		{90736FC8-9732-93E3-0DB6-C956DF9DD9F1}.Release|Any CPU.Build.0 = Release|Any CPU
		{886381CC-6C85-DEA2-439E-02704528D1F4}.Debug|Any CPU.ActiveCfg = Debug|Any CPU
		{886381CC-6C85-DEA2-439E-02704528D1F4}.Debug|Any CPU.Build.0 = Debug|Any CPU
		{886381CC-6C85-DEA2-439E-02704528D1F4}.Release|Any CPU.ActiveCfg = Release|Any CPU
		{886381CC-6C85-DEA2-439E-02704528D1F4}.Release|Any CPU.Build.0 = Release|Any CPU
		{8E388BE9-7609-7EAE-98AA-2D6ECDB01BD2}.Debug|Any CPU.ActiveCfg = Debug|Any CPU
		{8E388BE9-7609-7EAE-98AA-2D6ECDB01BD2}.Debug|Any CPU.Build.0 = Debug|Any CPU
		{8E388BE9-7609-7EAE-98AA-2D6ECDB01BD2}.Release|Any CPU.ActiveCfg = Release|Any CPU
		{8E388BE9-7609-7EAE-98AA-2D6ECDB01BD2}.Release|Any CPU.Build.0 = Release|Any CPU
		{EEB0EC5E-C380-8A8F-0E89-7B46DE39270B}.Debug|Any CPU.ActiveCfg = Debug|Any CPU
		{EEB0EC5E-C380-8A8F-0E89-7B46DE39270B}.Debug|Any CPU.Build.0 = Debug|Any CPU
		{EEB0EC5E-C380-8A8F-0E89-7B46DE39270B}.Release|Any CPU.ActiveCfg = Release|Any CPU
		{EEB0EC5E-C380-8A8F-0E89-7B46DE39270B}.Release|Any CPU.Build.0 = Release|Any CPU
		{D779D9BC-97F7-E184-5F27-760C17307979}.Debug|Any CPU.ActiveCfg = Debug|Any CPU
		{D779D9BC-97F7-E184-5F27-760C17307979}.Debug|Any CPU.Build.0 = Debug|Any CPU
		{D779D9BC-97F7-E184-5F27-760C17307979}.Release|Any CPU.ActiveCfg = Release|Any CPU
		{D779D9BC-97F7-E184-5F27-760C17307979}.Release|Any CPU.Build.0 = Release|Any CPU
		{EDAB9A2D-2EA9-86FF-9448-80B06F37E3D2}.Debug|Any CPU.ActiveCfg = Debug|Any CPU
		{EDAB9A2D-2EA9-86FF-9448-80B06F37E3D2}.Debug|Any CPU.Build.0 = Debug|Any CPU
		{EDAB9A2D-2EA9-86FF-9448-80B06F37E3D2}.Release|Any CPU.ActiveCfg = Release|Any CPU
		{EDAB9A2D-2EA9-86FF-9448-80B06F37E3D2}.Release|Any CPU.Build.0 = Release|Any CPU
		{9C5D3774-5479-A0C7-46E7-9BA34EDB633C}.Debug|Any CPU.ActiveCfg = Debug|Any CPU
		{9C5D3774-5479-A0C7-46E7-9BA34EDB633C}.Debug|Any CPU.Build.0 = Debug|Any CPU
		{9C5D3774-5479-A0C7-46E7-9BA34EDB633C}.Release|Any CPU.ActiveCfg = Release|Any CPU
		{9C5D3774-5479-A0C7-46E7-9BA34EDB633C}.Release|Any CPU.Build.0 = Release|Any CPU
	EndGlobalSection
	GlobalSection(SolutionProperties) = preSolution
		HideSolutionNode = FALSE
	EndGlobalSection
EndGlobal
